
Microsoft Visual Studio Solution File, Format Version 12.00
# Visual Studio Version 17
VisualStudioVersion = 17.13.35931.197
MinimumVisualStudioVersion = 10.0.40219.1
Project("{FAE04EC0-301F-11D3-BF4B-00C04F79EFBC}") = "ManajemenPerpus.CLI", "TubesKPL\ManajemenPerpus.CLI.csproj", "{F91B1189-53BF-42C3-8E4B-0419DACA7F9F}"
EndProject
Project("{FAE04EC0-301F-11D3-BF4B-00C04F79EFBC}") = "ManajemenPerpus.API", "RestAPI\ManajemenPerpus.API.csproj", "{F80173E0-9ADD-472E-B571-86F8F0EDFD2F}"
EndProject
Project("{FAE04EC0-301F-11D3-BF4B-00C04F79EFBC}") = "ManajemenPerpus.Core", "ManajemenPerpus.Core\ManajemenPerpus.Core.csproj", "{BEB98E74-6573-4E67-A0E4-A49910227479}"
EndProject
Project("{FAE04EC0-301F-11D3-BF4B-00C04F79EFBC}") = "SharedData", "SharedData\SharedData.csproj", "{4753851E-659B-46C1-A297-BC4AD04D33BB}"
EndProject
Project("{FAE04EC0-301F-11D3-BF4B-00C04F79EFBC}") = "ManajemenPerpus.GUI", "ManajemenPerpus.GUI\ManajemenPerpus.GUI.csproj", "{D2E5533E-3F57-7BBF-D386-0ECE44B4BF40}"
EndProject
Project("{FAE04EC0-301F-11D3-BF4B-00C04F79EFBC}") = "UnitTesting", "UnitTesting\UnitTesting.csproj", "{9D13832F-FB2C-42E2-AD59-3D8F1F8A833A}"
EndProject
Global
	GlobalSection(SolutionConfigurationPlatforms) = preSolution
		Debug|Any CPU = Debug|Any CPU
		Release|Any CPU = Release|Any CPU
	EndGlobalSection
	GlobalSection(ProjectConfigurationPlatforms) = postSolution
		{F91B1189-53BF-42C3-8E4B-0419DACA7F9F}.Debug|Any CPU.ActiveCfg = Debug|Any CPU
		{F91B1189-53BF-42C3-8E4B-0419DACA7F9F}.Debug|Any CPU.Build.0 = Debug|Any CPU
		{F91B1189-53BF-42C3-8E4B-0419DACA7F9F}.Release|Any CPU.ActiveCfg = Release|Any CPU
		{F91B1189-53BF-42C3-8E4B-0419DACA7F9F}.Release|Any CPU.Build.0 = Release|Any CPU
		{F80173E0-9ADD-472E-B571-86F8F0EDFD2F}.Debug|Any CPU.ActiveCfg = Debug|Any CPU
		{F80173E0-9ADD-472E-B571-86F8F0EDFD2F}.Debug|Any CPU.Build.0 = Debug|Any CPU
		{F80173E0-9ADD-472E-B571-86F8F0EDFD2F}.Release|Any CPU.ActiveCfg = Release|Any CPU
		{F80173E0-9ADD-472E-B571-86F8F0EDFD2F}.Release|Any CPU.Build.0 = Release|Any CPU
		{BEB98E74-6573-4E67-A0E4-A49910227479}.Debug|Any CPU.ActiveCfg = Debug|Any CPU
		{BEB98E74-6573-4E67-A0E4-A49910227479}.Debug|Any CPU.Build.0 = Debug|Any CPU
		{BEB98E74-6573-4E67-A0E4-A49910227479}.Release|Any CPU.ActiveCfg = Release|Any CPU
		{BEB98E74-6573-4E67-A0E4-A49910227479}.Release|Any CPU.Build.0 = Release|Any CPU
		{4753851E-659B-46C1-A297-BC4AD04D33BB}.Debug|Any CPU.ActiveCfg = Debug|Any CPU
		{4753851E-659B-46C1-A297-BC4AD04D33BB}.Debug|Any CPU.Build.0 = Debug|Any CPU
		{4753851E-659B-46C1-A297-BC4AD04D33BB}.Release|Any CPU.ActiveCfg = Release|Any CPU
		{4753851E-659B-46C1-A297-BC4AD04D33BB}.Release|Any CPU.Build.0 = Release|Any CPU
		{D2E5533E-3F57-7BBF-D386-0ECE44B4BF40}.Debug|Any CPU.ActiveCfg = Debug|Any CPU
		{D2E5533E-3F57-7BBF-D386-0ECE44B4BF40}.Debug|Any CPU.Build.0 = Debug|Any CPU
		{D2E5533E-3F57-7BBF-D386-0ECE44B4BF40}.Release|Any CPU.ActiveCfg = Release|Any CPU
		{D2E5533E-3F57-7BBF-D386-0ECE44B4BF40}.Release|Any CPU.Build.0 = Release|Any CPU
		{9D13832F-FB2C-42E2-AD59-3D8F1F8A833A}.Debug|Any CPU.ActiveCfg = Debug|Any CPU
		{9D13832F-FB2C-42E2-AD59-3D8F1F8A833A}.Debug|Any CPU.Build.0 = Debug|Any CPU
		{9D13832F-FB2C-42E2-AD59-3D8F1F8A833A}.Release|Any CPU.ActiveCfg = Release|Any CPU
		{9D13832F-FB2C-42E2-AD59-3D8F1F8A833A}.Release|Any CPU.Build.0 = Release|Any CPU
	EndGlobalSection
	GlobalSection(SolutionProperties) = preSolution
		HideSolutionNode = FALSE
	EndGlobalSection
	GlobalSection(ExtensibilityGlobals) = postSolution
		SolutionGuid = {BE68C98C-F7F1-4937-8BB8-A387D916203A}
	EndGlobalSection
EndGlobal
